// !$*UTF8*$!
{
	archiveVersion = 1;
	classes = {
	};
	objectVersion = 46;
	objects = {

/* Begin PBXBuildFile section */
		8E502ED816EC52750024BAAC /* SampleTimelineViewCell.m in Sources */ = {isa = PBXBuildFile; fileRef = 8E502ED716EC52750024BAAC /* SampleTimelineViewCell.m */; };
		8E5F2D7816F90C9E0062346E /* SampleTimelineViewCell.xib in Resources */ = {isa = PBXBuildFile; fileRef = 8E5F2D7716F90C9E0062346E /* SampleTimelineViewCell.xib */; };
		8E8A27F116E877E6007CAFFD /* UIKit.framework in Frameworks */ = {isa = PBXBuildFile; fileRef = 8E8A27F016E877E6007CAFFD /* UIKit.framework */; };
		8E8A27F316E877E6007CAFFD /* Foundation.framework in Frameworks */ = {isa = PBXBuildFile; fileRef = 8E8A27F216E877E6007CAFFD /* Foundation.framework */; };
		8E8A27F516E877E6007CAFFD /* CoreGraphics.framework in Frameworks */ = {isa = PBXBuildFile; fileRef = 8E8A27F416E877E6007CAFFD /* CoreGraphics.framework */; };
		8E8A27FB16E877E6007CAFFD /* InfoPlist.strings in Resources */ = {isa = PBXBuildFile; fileRef = 8E8A27F916E877E6007CAFFD /* InfoPlist.strings */; };
		8E8A27FD16E877E6007CAFFD /* main.m in Sources */ = {isa = PBXBuildFile; fileRef = 8E8A27FC16E877E6007CAFFD /* main.m */; };
		8E8A280116E877E6007CAFFD /* AppDelegate.m in Sources */ = {isa = PBXBuildFile; fileRef = 8E8A280016E877E6007CAFFD /* AppDelegate.m */; };
		8E8A280316E877E6007CAFFD /* Default.png in Resources */ = {isa = PBXBuildFile; fileRef = 8E8A280216E877E6007CAFFD /* Default.png */; };
		8E8A280516E877E6007CAFFD /* Default@2x.png in Resources */ = {isa = PBXBuildFile; fileRef = 8E8A280416E877E6007CAFFD /* Default@2x.png */; };
		8E8A280716E877E6007CAFFD /* Default-568h@2x.png in Resources */ = {isa = PBXBuildFile; fileRef = 8E8A280616E877E6007CAFFD /* Default-568h@2x.png */; };
		8E8A280A16E877E6007CAFFD /* MainStoryboard_iPhone.storyboard in Resources */ = {isa = PBXBuildFile; fileRef = 8E8A280816E877E6007CAFFD /* MainStoryboard_iPhone.storyboard */; };
		8E8A280D16E877E6007CAFFD /* MainStoryboard_iPad.storyboard in Resources */ = {isa = PBXBuildFile; fileRef = 8E8A280B16E877E6007CAFFD /* MainStoryboard_iPad.storyboard */; };
		8E8A281016E877E6007CAFFD /* ViewController.m in Sources */ = {isa = PBXBuildFile; fileRef = 8E8A280F16E877E6007CAFFD /* ViewController.m */; };
		8E8A281C16E878C6007CAFFD /* TimelineView.m in Sources */ = {isa = PBXBuildFile; fileRef = 8E8A281916E87803007CAFFD /* TimelineView.m */; };
		8E8A281D16E878C9007CAFFD /* TimelineViewCell.m in Sources */ = {isa = PBXBuildFile; fileRef = 8E8A281B16E87803007CAFFD /* TimelineViewCell.m */; };
/* End PBXBuildFile section */

/* Begin PBXFileReference section */
		8E502ED616EC52750024BAAC /* SampleTimelineViewCell.h */ = {isa = PBXFileReference; fileEncoding = 4; lastKnownFileType = sourcecode.c.h; path = SampleTimelineViewCell.h; sourceTree = "<group>"; };
		8E502ED716EC52750024BAAC /* SampleTimelineViewCell.m */ = {isa = PBXFileReference; fileEncoding = 4; lastKnownFileType = sourcecode.c.objc; path = SampleTimelineViewCell.m; sourceTree = "<group>"; };
		8E5F2D7716F90C9E0062346E /* SampleTimelineViewCell.xib */ = {isa = PBXFileReference; fileEncoding = 4; lastKnownFileType = file.xib; path = SampleTimelineViewCell.xib; sourceTree = "<group>"; };
		8E8A27ED16E877E6007CAFFD /* TimelineView.app */ = {isa = PBXFileReference; explicitFileType = wrapper.application; includeInIndex = 0; path = TimelineView.app; sourceTree = BUILT_PRODUCTS_DIR; };
		8E8A27F016E877E6007CAFFD /* UIKit.framework */ = {isa = PBXFileReference; lastKnownFileType = wrapper.framework; name = UIKit.framework; path = System/Library/Frameworks/UIKit.framework; sourceTree = SDKROOT; };
		8E8A27F216E877E6007CAFFD /* Foundation.framework */ = {isa = PBXFileReference; lastKnownFileType = wrapper.framework; name = Foundation.framework; path = System/Library/Frameworks/Foundation.framework; sourceTree = SDKROOT; };
		8E8A27F416E877E6007CAFFD /* CoreGraphics.framework */ = {isa = PBXFileReference; lastKnownFileType = wrapper.framework; name = CoreGraphics.framework; path = System/Library/Frameworks/CoreGraphics.framework; sourceTree = SDKROOT; };
		8E8A27F816E877E6007CAFFD /* TimelineView-Info.plist */ = {isa = PBXFileReference; lastKnownFileType = text.plist.xml; path = "TimelineView-Info.plist"; sourceTree = "<group>"; };
		8E8A27FA16E877E6007CAFFD /* en */ = {isa = PBXFileReference; lastKnownFileType = text.plist.strings; name = en; path = en.lproj/InfoPlist.strings; sourceTree = "<group>"; };
		8E8A27FC16E877E6007CAFFD /* main.m */ = {isa = PBXFileReference; lastKnownFileType = sourcecode.c.objc; path = main.m; sourceTree = "<group>"; };
		8E8A27FE16E877E6007CAFFD /* TimelineView-Prefix.pch */ = {isa = PBXFileReference; lastKnownFileType = sourcecode.c.h; path = "TimelineView-Prefix.pch"; sourceTree = "<group>"; };
		8E8A27FF16E877E6007CAFFD /* AppDelegate.h */ = {isa = PBXFileReference; lastKnownFileType = sourcecode.c.h; path = AppDelegate.h; sourceTree = "<group>"; };
		8E8A280016E877E6007CAFFD /* AppDelegate.m */ = {isa = PBXFileReference; lastKnownFileType = sourcecode.c.objc; path = AppDelegate.m; sourceTree = "<group>"; };
		8E8A280216E877E6007CAFFD /* Default.png */ = {isa = PBXFileReference; lastKnownFileType = image.png; path = Default.png; sourceTree = "<group>"; };
		8E8A280416E877E6007CAFFD /* Default@2x.png */ = {isa = PBXFileReference; lastKnownFileType = image.png; path = "Default@2x.png"; sourceTree = "<group>"; };
		8E8A280616E877E6007CAFFD /* Default-568h@2x.png */ = {isa = PBXFileReference; lastKnownFileType = image.png; path = "Default-568h@2x.png"; sourceTree = "<group>"; };
		8E8A280916E877E6007CAFFD /* en */ = {isa = PBXFileReference; lastKnownFileType = file.storyboard; name = en; path = en.lproj/MainStoryboard_iPhone.storyboard; sourceTree = "<group>"; };
		8E8A280C16E877E6007CAFFD /* en */ = {isa = PBXFileReference; lastKnownFileType = file.storyboard; name = en; path = en.lproj/MainStoryboard_iPad.storyboard; sourceTree = "<group>"; };
		8E8A280E16E877E6007CAFFD /* ViewController.h */ = {isa = PBXFileReference; lastKnownFileType = sourcecode.c.h; path = ViewController.h; sourceTree = "<group>"; };
		8E8A280F16E877E6007CAFFD /* ViewController.m */ = {isa = PBXFileReference; lastKnownFileType = sourcecode.c.objc; path = ViewController.m; sourceTree = "<group>"; };
		8E8A281616E87803007CAFFD /* TimelineViewDelegate.h */ = {isa = PBXFileReference; lastKnownFileType = sourcecode.c.h; path = TimelineViewDelegate.h; sourceTree = "<group>"; };
		8E8A281716E87803007CAFFD /* TimelineViewDataSource.h */ = {isa = PBXFileReference; lastKnownFileType = sourcecode.c.h; path = TimelineViewDataSource.h; sourceTree = "<group>"; };
		8E8A281816E87803007CAFFD /* TimelineView.h */ = {isa = PBXFileReference; lastKnownFileType = sourcecode.c.h; path = TimelineView.h; sourceTree = "<group>"; };
		8E8A281916E87803007CAFFD /* TimelineView.m */ = {isa = PBXFileReference; lastKnownFileType = sourcecode.c.objc; path = TimelineView.m; sourceTree = "<group>"; };
		8E8A281A16E87803007CAFFD /* TimelineViewCell.h */ = {isa = PBXFileReference; lastKnownFileType = sourcecode.c.h; path = TimelineViewCell.h; sourceTree = "<group>"; };
		8E8A281B16E87803007CAFFD /* TimelineViewCell.m */ = {isa = PBXFileReference; lastKnownFileType = sourcecode.c.objc; path = TimelineViewCell.m; sourceTree = "<group>"; };
/* End PBXFileReference section */

/* Begin PBXFrameworksBuildPhase section */
		8E8A27EA16E877E6007CAFFD /* Frameworks */ = {
			isa = PBXFrameworksBuildPhase;
			buildActionMask = 2147483647;
			files = (
				8E8A27F116E877E6007CAFFD /* UIKit.framework in Frameworks */,
				8E8A27F316E877E6007CAFFD /* Foundation.framework in Frameworks */,
				8E8A27F516E877E6007CAFFD /* CoreGraphics.framework in Frameworks */,
			);
			runOnlyForDeploymentPostprocessing = 0;
		};
/* End PBXFrameworksBuildPhase section */

/* Begin PBXGroup section */
		8E502ED516EC51C40024BAAC /* Classes */ = {
			isa = PBXGroup;
			children = (
				8E8A281816E87803007CAFFD /* TimelineView.h */,
				8E8A281916E87803007CAFFD /* TimelineView.m */,
				8E8A281716E87803007CAFFD /* TimelineViewDataSource.h */,
				8E8A281616E87803007CAFFD /* TimelineViewDelegate.h */,
				8E8A281A16E87803007CAFFD /* TimelineViewCell.h */,
				8E8A281B16E87803007CAFFD /* TimelineViewCell.m */,
			);
			name = Classes;
			sourceTree = "<group>";
		};
		8E8A27E416E877E6007CAFFD = {
			isa = PBXGroup;
			children = (
				8E8A27F616E877E6007CAFFD /* TimelineView */,
				8E8A27EF16E877E6007CAFFD /* Frameworks */,
				8E8A27EE16E877E6007CAFFD /* Products */,
			);
			sourceTree = "<group>";
		};
		8E8A27EE16E877E6007CAFFD /* Products */ = {
			isa = PBXGroup;
			children = (
				8E8A27ED16E877E6007CAFFD /* TimelineView.app */,
			);
			name = Products;
			sourceTree = "<group>";
		};
		8E8A27EF16E877E6007CAFFD /* Frameworks */ = {
			isa = PBXGroup;
			children = (
				8E8A27F016E877E6007CAFFD /* UIKit.framework */,
				8E8A27F216E877E6007CAFFD /* Foundation.framework */,
				8E8A27F416E877E6007CAFFD /* CoreGraphics.framework */,
			);
			name = Frameworks;
			sourceTree = "<group>";
		};
		8E8A27F616E877E6007CAFFD /* TimelineView */ = {
			isa = PBXGroup;
			children = (
				8E8A27FF16E877E6007CAFFD /* AppDelegate.h */,
				8E8A280016E877E6007CAFFD /* AppDelegate.m */,
				8E8A280816E877E6007CAFFD /* MainStoryboard_iPhone.storyboard */,
				8E8A280B16E877E6007CAFFD /* MainStoryboard_iPad.storyboard */,
				8E8A280E16E877E6007CAFFD /* ViewController.h */,
				8E8A280F16E877E6007CAFFD /* ViewController.m */,
				8E502ED616EC52750024BAAC /* SampleTimelineViewCell.h */,
				8E502ED716EC52750024BAAC /* SampleTimelineViewCell.m */,
				8E5F2D7716F90C9E0062346E /* SampleTimelineViewCell.xib */,
				8E502ED516EC51C40024BAAC /* Classes */,
				8E8A27F716E877E6007CAFFD /* Supporting Files */,
			);
			path = TimelineView;
			sourceTree = "<group>";
		};
		8E8A27F716E877E6007CAFFD /* Supporting Files */ = {
			isa = PBXGroup;
			children = (
				8E8A27F816E877E6007CAFFD /* TimelineView-Info.plist */,
				8E8A27F916E877E6007CAFFD /* InfoPlist.strings */,
				8E8A27FC16E877E6007CAFFD /* main.m */,
				8E8A27FE16E877E6007CAFFD /* TimelineView-Prefix.pch */,
				8E8A280216E877E6007CAFFD /* Default.png */,
				8E8A280416E877E6007CAFFD /* Default@2x.png */,
				8E8A280616E877E6007CAFFD /* Default-568h@2x.png */,
			);
			name = "Supporting Files";
			sourceTree = "<group>";
		};
/* End PBXGroup section */

/* Begin PBXNativeTarget section */
		8E8A27EC16E877E6007CAFFD /* TimelineView */ = {
			isa = PBXNativeTarget;
			buildConfigurationList = 8E8A281316E877E6007CAFFD /* Build configuration list for PBXNativeTarget "TimelineView" */;
			buildPhases = (
				8E8A27E916E877E6007CAFFD /* Sources */,
				8E8A27EA16E877E6007CAFFD /* Frameworks */,
				8E8A27EB16E877E6007CAFFD /* Resources */,
			);
			buildRules = (
			);
			dependencies = (
			);
			name = TimelineView;
			productName = TimelineView;
			productReference = 8E8A27ED16E877E6007CAFFD /* TimelineView.app */;
			productType = "com.apple.product-type.application";
		};
/* End PBXNativeTarget section */

/* Begin PBXProject section */
		8E8A27E516E877E6007CAFFD /* Project object */ = {
			isa = PBXProject;
			attributes = {
				LastUpgradeCheck = 0460;
				ORGANIZATIONNAME = "Luke Scott";
			};
			buildConfigurationList = 8E8A27E816E877E6007CAFFD /* Build configuration list for PBXProject "TimelineView" */;
			compatibilityVersion = "Xcode 3.2";
			developmentRegion = English;
			hasScannedForEncodings = 0;
			knownRegions = (
				en,
			);
			mainGroup = 8E8A27E416E877E6007CAFFD;
			productRefGroup = 8E8A27EE16E877E6007CAFFD /* Products */;
			projectDirPath = "";
			projectRoot = "";
			targets = (
				8E8A27EC16E877E6007CAFFD /* TimelineView */,
			);
		};
/* End PBXProject section */

/* Begin PBXResourcesBuildPhase section */
		8E8A27EB16E877E6007CAFFD /* Resources */ = {
			isa = PBXResourcesBuildPhase;
			buildActionMask = 2147483647;
			files = (
				8E8A27FB16E877E6007CAFFD /* InfoPlist.strings in Resources */,
				8E8A280316E877E6007CAFFD /* Default.png in Resources */,
				8E8A280516E877E6007CAFFD /* Default@2x.png in Resources */,
				8E8A280716E877E6007CAFFD /* Default-568h@2x.png in Resources */,
				8E8A280A16E877E6007CAFFD /* MainStoryboard_iPhone.storyboard in Resources */,
				8E8A280D16E877E6007CAFFD /* MainStoryboard_iPad.storyboard in Resources */,
				8E5F2D7816F90C9E0062346E /* SampleTimelineViewCell.xib in Resources */,
			);
			runOnlyForDeploymentPostprocessing = 0;
		};
/* End PBXResourcesBuildPhase section */

/* Begin PBXSourcesBuildPhase section */
		8E8A27E916E877E6007CAFFD /* Sources */ = {
			isa = PBXSourcesBuildPhase;
			buildActionMask = 2147483647;
			files = (
				8E8A27FD16E877E6007CAFFD /* main.m in Sources */,
				8E8A280116E877E6007CAFFD /* AppDelegate.m in Sources */,
				8E8A281016E877E6007CAFFD /* ViewController.m in Sources */,
				8E8A281C16E878C6007CAFFD /* TimelineView.m in Sources */,
				8E8A281D16E878C9007CAFFD /* TimelineViewCell.m in Sources */,
				8E502ED816EC52750024BAAC /* SampleTimelineViewCell.m in Sources */,
			);
			runOnlyForDeploymentPostprocessing = 0;
		};
/* End PBXSourcesBuildPhase section */

/* Begin PBXVariantGroup section */
		8E8A27F916E877E6007CAFFD /* InfoPlist.strings */ = {
			isa = PBXVariantGroup;
			children = (
				8E8A27FA16E877E6007CAFFD /* en */,
			);
			name = InfoPlist.strings;
			sourceTree = "<group>";
		};
		8E8A280816E877E6007CAFFD /* MainStoryboard_iPhone.storyboard */ = {
			isa = PBXVariantGroup;
			children = (
				8E8A280916E877E6007CAFFD /* en */,
			);
			name = MainStoryboard_iPhone.storyboard;
			sourceTree = "<group>";
		};
		8E8A280B16E877E6007CAFFD /* MainStoryboard_iPad.storyboard */ = {
			isa = PBXVariantGroup;
			children = (
				8E8A280C16E877E6007CAFFD /* en */,
			);
			name = MainStoryboard_iPad.storyboard;
			sourceTree = "<group>";
		};
/* End PBXVariantGroup section */

/* Begin XCBuildConfiguration section */
		8E8A281116E877E6007CAFFD /* Debug */ = {
			isa = XCBuildConfiguration;
			buildSettings = {
				ALWAYS_SEARCH_USER_PATHS = NO;
				CLANG_CXX_LANGUAGE_STANDARD = "gnu++0x";
				CLANG_CXX_LIBRARY = "libc++";
				CLANG_ENABLE_OBJC_ARC = YES;
				CLANG_WARN_CONSTANT_CONVERSION = YES;
				CLANG_WARN_EMPTY_BODY = YES;
				CLANG_WARN_ENUM_CONVERSION = YES;
				CLANG_WARN_INT_CONVERSION = YES;
				CLANG_WARN__DUPLICATE_METHOD_MATCH = YES;
				CODE_SIGN_IDENTITY = "iPhone Developer: Luke Scott (5PL76JR3K8)";
				"CODE_SIGN_IDENTITY[sdk=iphoneos*]" = "iPhone Developer";
				COPY_PHASE_STRIP = NO;
				GCC_C_LANGUAGE_STANDARD = gnu99;
				GCC_DYNAMIC_NO_PIC = NO;
				GCC_OPTIMIZATION_LEVEL = 0;
				GCC_PREPROCESSOR_DEFINITIONS = (
					"DEBUG=1",
					"$(inherited)",
				);
				GCC_SYMBOLS_PRIVATE_EXTERN = NO;
				GCC_WARN_ABOUT_RETURN_TYPE = YES;
				GCC_WARN_UNINITIALIZED_AUTOS = YES;
				GCC_WARN_UNUSED_VARIABLE = YES;
				IPHONEOS_DEPLOYMENT_TARGET = 6.0;
				ONLY_ACTIVE_ARCH = YES;
				PROVISIONING_PROFILE = "FDFDE45F-7C01-48A6-A23D-F3A30C888922";
				SDKROOT = iphoneos;
				TARGETED_DEVICE_FAMILY = "1,2";
			};
			name = Debug;
		};
		8E8A281216E877E6007CAFFD /* Release */ = {
			isa = XCBuildConfiguration;
			buildSettings = {
				ALWAYS_SEARCH_USER_PATHS = NO;
				CLANG_CXX_LANGUAGE_STANDARD = "gnu++0x";
				CLANG_CXX_LIBRARY = "libc++";
				CLANG_ENABLE_OBJC_ARC = YES;
				CLANG_WARN_CONSTANT_CONVERSION = YES;
				CLANG_WARN_EMPTY_BODY = YES;
				CLANG_WARN_ENUM_CONVERSION = YES;
				CLANG_WARN_INT_CONVERSION = YES;
				CLANG_WARN__DUPLICATE_METHOD_MATCH = YES;
				CODE_SIGN_IDENTITY = "iPhone Developer: Luke Scott (5PL76JR3K8)";
				"CODE_SIGN_IDENTITY[sdk=iphoneos*]" = "iPhone Developer";
				COPY_PHASE_STRIP = YES;
				GCC_C_LANGUAGE_STANDARD = gnu99;
				GCC_WARN_ABOUT_RETURN_TYPE = YES;
				GCC_WARN_UNINITIALIZED_AUTOS = YES;
				GCC_WARN_UNUSED_VARIABLE = YES;
				IPHONEOS_DEPLOYMENT_TARGET = 6.0;
				OTHER_CFLAGS = "-DNS_BLOCK_ASSERTIONS=1";
				PROVISIONING_PROFILE = "FDFDE45F-7C01-48A6-A23D-F3A30C888922";
				SDKROOT = iphoneos;
				TARGETED_DEVICE_FAMILY = "1,2";
				VALIDATE_PRODUCT = YES;
			};
			name = Release;
		};
		8E8A281416E877E6007CAFFD /* Debug */ = {
			isa = XCBuildConfiguration;
			buildSettings = {
				GCC_PRECOMPILE_PREFIX_HEADER = YES;
				GCC_PREFIX_HEADER = "TimelineView/TimelineView-Prefix.pch";
				INFOPLIST_FILE = "TimelineView/TimelineView-Info.plist";
				PRODUCT_NAME = "$(TARGET_NAME)";
				WRAPPER_EXTENSION = app;
			};
			name = Debug;
		};
		8E8A281516E877E6007CAFFD /* Release */ = {
			isa = XCBuildConfiguration;
			buildSettings = {
				GCC_PRECOMPILE_PREFIX_HEADER = YES;
				GCC_PREFIX_HEADER = "TimelineView/TimelineView-Prefix.pch";
				INFOPLIST_FILE = "TimelineView/TimelineView-Info.plist";
				PRODUCT_NAME = "$(TARGET_NAME)";
				WRAPPER_EXTENSION = app;
			};
			name = Release;
		};
/* End XCBuildConfiguration section */

/* Begin XCConfigurationList section */
		8E8A27E816E877E6007CAFFD /* Build configuration list for PBXProject "TimelineView" */ = {
			isa = XCConfigurationList;
			buildConfigurations = (
				8E8A281116E877E6007CAFFD /* Debug */,
				8E8A281216E877E6007CAFFD /* Release */,
			);
			defaultConfigurationIsVisible = 0;
			defaultConfigurationName = Release;
		};
		8E8A281316E877E6007CAFFD /* Build configuration list for PBXNativeTarget "TimelineView" */ = {
			isa = XCConfigurationList;
			buildConfigurations = (
				8E8A281416E877E6007CAFFD /* Debug */,
				8E8A281516E877E6007CAFFD /* Release */,
			);
			defaultConfigurationIsVisible = 0;
			defaultConfigurationName = Release;
		};
/* End XCConfigurationList section */
	};
	rootObject = 8E8A27E516E877E6007CAFFD /* Project object */;
}
